# This file is automatically @generated by Cargo.
# It is not intended for manual editing.
version = 4

[[package]]
name = "bayan-cli"
version = "0.0.0"

[[package]]
name = "bayan-crdt"
version = "0.0.0"

[[package]]
name = "bayan-engine"
version = "0.0.0"

[[package]]
name = "bayan-ffi"
version = "0.0.0"

[[package]]
name = "bayan-model"
version = "0.0.0"

[[package]]
name = "bayan-opc"
version = "0.0.0"

[[package]]
name = "bayan-units"
version = "0.0.0"

[[package]]
name = "bayan-wasm"
version = "0.0.0"

[[package]]
name = "bayan-xml"
version = "0.0.0"

[[package]]
name = "lint-canary"
version = "0.0.0"

[[package]]
name = "xtask"
version = "0.0.0"
